
Microsoft Visual Studio Solution File, Format Version 12.00
# Visual Studio 2012
Project("{FAE04EC0-301F-11D3-BF4B-00C04F79EFBC}") = "NeuralNetworksTest", "NeuralNetworksTest\NeuralNetworksTest.csproj", "{91AA16D1-F327-4698-AC1A-4B7682833480}"
EndProject
Global
	GlobalSection(SolutionConfigurationPlatforms) = preSolution
		Debug|Any CPU = Debug|Any CPU
		Release|Any CPU = Release|Any CPU
	EndGlobalSection
	GlobalSection(ProjectConfigurationPlatforms) = postSolution
		{91AA16D1-F327-4698-AC1A-4B7682833480}.Debug|Any CPU.ActiveCfg = Debug|Any CPU
		{91AA16D1-F327-4698-AC1A-4B7682833480}.Debug|Any CPU.Build.0 = Debug|Any CPU
		{91AA16D1-F327-4698-AC1A-4B7682833480}.Release|Any CPU.ActiveCfg = Release|Any CPU
		{91AA16D1-F327-4698-AC1A-4B7682833480}.Release|Any CPU.Build.0 = Release|Any CPU
	EndGlobalSection
	GlobalSection(SolutionProperties) = preSolution
		HideSolutionNode = FALSE
	EndGlobalSection
EndGlobal
